<Solution>
  <Folder Name="/src/">
    <Project Path="src/AntSim.Core/AntSim.Core.csproj" />
    <Project Path="src/AntSim.Evolution/AntSim.Evolution.csproj" />
    <Project Path="src/AntSim.Headless/AntSim.Headless.csproj" />
  </Folder>
  <Folder Name="/tests/">
    <Project Path="tests/AntSim.Tests/AntSim.Tests.csproj" />
  </Folder>
</Solution>
